
Microsoft Visual Studio Solution File, Format Version 12.00
# Visual Studio Version 17
VisualStudioVersion = 17.5.002.0
MinimumVisualStudioVersion = 10.0.40219.1
Project("{9A19103F-16F7-4668-BE54-9A1E7A4F7556}") = "itogovaya_kontrolnaya", "itogovaya_kontrolnaya.csproj", "{BE825316-1D25-42C1-A12F-435F3946B449}"
EndProject
Global
	GlobalSection(SolutionConfigurationPlatforms) = preSolution
		Debug|Any CPU = Debug|Any CPU
		Release|Any CPU = Release|Any CPU
	EndGlobalSection
	GlobalSection(ProjectConfigurationPlatforms) = postSolution
		{BE825316-1D25-42C1-A12F-435F3946B449}.Debug|Any CPU.ActiveCfg = Debug|Any CPU
		{BE825316-1D25-42C1-A12F-435F3946B449}.Debug|Any CPU.Build.0 = Debug|Any CPU
		{BE825316-1D25-42C1-A12F-435F3946B449}.Release|Any CPU.ActiveCfg = Release|Any CPU
		{BE825316-1D25-42C1-A12F-435F3946B449}.Release|Any CPU.Build.0 = Release|Any CPU
	EndGlobalSection
	GlobalSection(SolutionProperties) = preSolution
		HideSolutionNode = FALSE
	EndGlobalSection
	GlobalSection(ExtensibilityGlobals) = postSolution
		SolutionGuid = {FE451176-7540-42BE-811C-73CE3034F088}
	EndGlobalSection
EndGlobal
